
Microsoft Visual Studio Solution File, Format Version 12.00
# Visual Studio Version 17
VisualStudioVersion = 17.13.35806.99 d17.13
MinimumVisualStudioVersion = 10.0.40219.1
Project("{FAE04EC0-301F-11D3-BF4B-00C04F79EFBC}") = "OOP", "OOP.csproj", "{13E97D8D-E7AE-40DA-A2C0-B56B9DC31192}"
EndProject
Global
	GlobalSection(SolutionConfigurationPlatforms) = preSolution
		Debug|Any CPU = Debug|Any CPU
		Release|Any CPU = Release|Any CPU
	EndGlobalSection
	GlobalSection(ProjectConfigurationPlatforms) = postSolution
		{13E97D8D-E7AE-40DA-A2C0-B56B9DC31192}.Debug|Any CPU.ActiveCfg = Debug|Any CPU
		{13E97D8D-E7AE-40DA-A2C0-B56B9DC31192}.Debug|Any CPU.Build.0 = Debug|Any CPU
		{13E97D8D-E7AE-40DA-A2C0-B56B9DC31192}.Release|Any CPU.ActiveCfg = Release|Any CPU
		{13E97D8D-E7AE-40DA-A2C0-B56B9DC31192}.Release|Any CPU.Build.0 = Release|Any CPU
	EndGlobalSection
	GlobalSection(SolutionProperties) = preSolution
		HideSolutionNode = FALSE
	EndGlobalSection
	GlobalSection(ExtensibilityGlobals) = postSolution
		SolutionGuid = {EF7341BC-0A00-4AFF-BE91-A29FF9B666E1}
	EndGlobalSection
EndGlobal
