
Microsoft Visual Studio Solution File, Format Version 12.00
# Visual Studio Version 17
VisualStudioVersion = 17.13.35806.99 d17.13
MinimumVisualStudioVersion = 10.0.40219.1
Project("{FAE04EC0-301F-11D3-BF4B-00C04F79EFBC}") = "classes", "classes.csproj", "{7B1B2347-52E6-4DDE-8231-C1FEC10C202E}"
EndProject
Global
	GlobalSection(SolutionConfigurationPlatforms) = preSolution
		Debug|Any CPU = Debug|Any CPU
		Release|Any CPU = Release|Any CPU
	EndGlobalSection
	GlobalSection(ProjectConfigurationPlatforms) = postSolution
		{7B1B2347-52E6-4DDE-8231-C1FEC10C202E}.Debug|Any CPU.ActiveCfg = Debug|Any CPU
		{7B1B2347-52E6-4DDE-8231-C1FEC10C202E}.Debug|Any CPU.Build.0 = Debug|Any CPU
		{7B1B2347-52E6-4DDE-8231-C1FEC10C202E}.Release|Any CPU.ActiveCfg = Release|Any CPU
		{7B1B2347-52E6-4DDE-8231-C1FEC10C202E}.Release|Any CPU.Build.0 = Release|Any CPU
	EndGlobalSection
	GlobalSection(SolutionProperties) = preSolution
		HideSolutionNode = FALSE
	EndGlobalSection
	GlobalSection(ExtensibilityGlobals) = postSolution
		SolutionGuid = {B26BB334-CC79-42BC-B3AC-8E5A9CB4F60F}
	EndGlobalSection
EndGlobal
